{
  "version": 4,
  "terraform_version": "1.15.5",
  "serial": 1,
  "lineage": "d26e14e0-fbf1-ec77-fcc9-90400898878f",
  "outputs": {
    "acm_certificate_arn": {
      "value": null,
      "type": "string"
    },
    "acm_validation_records": {
      "value": null,
      "type": "dynamic"
    },
    "api_endpoint": {
      "value": null,
      "type": "string"
    },
    "cloudfront_distribution_arn": {
      "value": "arn:aws:cloudfront::064318812275:distribution/E2QQ29ZT1XET90",
      "type": "string"
    },
    "cloudfront_distribution_domain": {
      "value": "d32c0ny2gqqqwr.cloudfront.net",
      "type": "string"
    },
    "cloudfront_distribution_id": {
      "value": "E2QQ29ZT1XET90",
      "type": "string"
    },
    "dynamodb_table_arn": {
      "value": null,
      "type": "string"
    },
    "dynamodb_table_name": {
      "value": null,
      "type": "string"
    },
    "github_actions_access_key_id": {
      "value": null,
      "type": "string"
    },
    "github_actions_env_block": {
      "value": null,
      "type": "string"
    },
    "github_actions_secret_access_key": {
      "value": null,
      "type": "string",
      "sensitive": true
    },
    "kms_key_alias": {
      "value": null,
      "type": "dynamic"
    },
    "kms_key_arn": {
      "value": null,
      "type": "dynamic"
    },
    "lambda_function_arn": {
      "value": null,
      "type": "string"
    },
    "lambda_function_name": {
      "value": null,
      "type": "string"
    },
    "namecheap_dns_instructions": {
      "value": "www CNAME → d32c0ny2gqqqwr.cloudfront.net | Apex ALIAS/ANAME → d32c0ny2gqqqwr.cloudfront.net",
      "type": "string"
    },
    "site_bucket_arn": {
      "value": null,
      "type": "string"
    },
    "site_bucket_name": {
      "value": null,
      "type": "string"
    },
    "site_url": {
      "value": "https://yourname.dev",
      "type": "string"
    },
    "visitor_counter_endpoint": {
      "value": null,
      "type": "string"
    }
  },
  "resources": [
    {
      "mode": "data",
      "type": "archive_file",
      "name": "lambda_zip",
      "provider": "provider[\"registry.terraform.io/hashicorp/archive\"]",
      "instances": [
        {
          "schema_version": 0,
          "attributes": {
            "exclude_symlink_directories": null,
            "excludes": null,
            "id": "c9cfabb4cb9c26765e10c49ccba213b74b14e5bd",
            "output_base64sha256": "thH/ofuE1nnc3ZoqWfHlGVzaQFsxr5ZlfGruh5Gwg68=",
            "output_base64sha512": "gd/vz/1h+dBCyIgTz5fg77ekg7IJpJ2+blmySILIChdB6XWo5Rhlb24eRG65AnmAIn+rdMiMQcHvEFjPlj+6Nw==",
            "output_file_mode": null,
            "output_md5": "5c6e1557ed1999e5cfe8dc3a701b975b",
            "output_path": "C:/Users/Administrator/Desktop/myportfolio/portfolio/terraform/.lambda_build/visitor_counter.zip",
            "output_sha": "c9cfabb4cb9c26765e10c49ccba213b74b14e5bd",
            "output_sha256": "b611ffa1fb84d679dcdd9a2a59f1e5195cda405b31af96657c6aee8791b083af",
            "output_sha512": "81dfefcffd61f9d042c88813cf97e0efb7a483b209a49dbe6e59b24882c80a1741e975a8e518656f6e1e446eb9027980227fab74c88c41c1ef1058cf963fba37",
            "output_size": 972,
            "source": [],
            "source_content": null,
            "source_content_filename": null,
            "source_dir": null,
            "source_file": "C:/Users/Administrator/Desktop/myportfolio/portfolio/terraform/lambda/visitor_counter.py",
            "type": "zip"
          },
          "sensitive_attributes": [],
          "identity_schema_version": 0
        }
      ]
    },
    {
      "mode": "data",
      "type": "aws_caller_identity",
      "name": "current",
      "provider": "provider[\"registry.terraform.io/hashicorp/aws\"]",
      "instances": [
        {
          "schema_version": 0,
          "attributes": {
            "account_id": "064318812275",
            "arn": "arn:aws:iam::064318812275:user/terraform-local",
            "id": "064318812275",
            "user_id": "AIDAQ56NTGBZUK3IZIZ35"
          },
          "sensitive_attributes": [],
          "identity_schema_version": 0
        }
      ]
    },
    {
      "mode": "data",
      "type": "aws_cloudfront_cache_policy",
      "name": "caching_optimized",
      "provider": "provider[\"registry.terraform.io/hashicorp/aws\"]",
      "instances": [
        {
          "schema_version": 0,
          "attributes": {
            "arn": "arn:aws:cloudfront::064318812275:cache-policy/658327ea-f89d-4fab-a63d-7e88639e58f6",
            "comment": "Policy with caching enabled. Supports Gzip and Brotli compression.",
            "default_ttl": 86400,
            "etag": "E23ZP02F085DFQ",
            "id": "658327ea-f89d-4fab-a63d-7e88639e58f6",
            "max_ttl": 31536000,
            "min_ttl": 1,
            "name": "Managed-CachingOptimized",
            "parameters_in_cache_key_and_forwarded_to_origin": [
              {
                "cookies_config": [
                  {
                    "cookie_behavior": "none",
                    "cookies": []
                  }
                ],
                "enable_accept_encoding_brotli": true,
                "enable_accept_encoding_gzip": true,
                "headers_config": [
                  {
                    "header_behavior": "none",
                    "headers": []
                  }
                ],
                "query_strings_config": [
                  {
                    "query_string_behavior": "none",
                    "query_strings": []
                  }
                ]
              }
            ]
          },
          "sensitive_attributes": [],
          "identity_schema_version": 0
        }
      ]
    },
    {
      "mode": "data",
      "type": "aws_cloudfront_origin_request_policy",
      "name": "cors_s3origin",
      "provider": "provider[\"registry.terraform.io/hashicorp/aws\"]",
      "instances": [
        {
          "schema_version": 0,
          "attributes": {
            "arn": "arn:aws:cloudfront::064318812275:origin-request-policy/88a5eaf4-2fd4-4709-b370-b4c650ea3fcf",
            "comment": "Policy for S3 origin with CORS",
            "cookies_config": [
              {
                "cookie_behavior": "none",
                "cookies": []
              }
            ],
            "etag": "E23ZP02F085DFQ",
            "headers_config": [
              {
                "header_behavior": "whitelist",
                "headers": [
                  {
                    "items": [
                      "access-control-request-headers",
                      "access-control-request-method",
                      "origin"
                    ]
                  }
                ]
              }
            ],
            "id": "88a5eaf4-2fd4-4709-b370-b4c650ea3fcf",
            "name": "Managed-CORS-S3Origin",
            "query_strings_config": [
              {
                "query_string_behavior": "none",
                "query_strings": []
              }
            ]
          },
          "sensitive_attributes": [],
          "identity_schema_version": 0
        }
      ]
    },
    {
      "mode": "managed",
      "type": "aws_cloudfront_distribution",
      "name": "site",
      "provider": "provider[\"registry.terraform.io/hashicorp/aws\"]",
      "instances": [
        {
          "schema_version": 1,
          "attributes": {
            "aliases": [],
            "arn": "arn:aws:cloudfront::064318812275:distribution/E2QQ29ZT1XET90",
            "caller_reference": "6d9e85c5-2b86-4e75-a706-f2c25726ed1f",
            "comment": null,
            "continuous_deployment_policy_id": "",
            "custom_error_response": [],
            "default_cache_behavior": [
              {
                "allowed_methods": [
                  "GET",
                  "HEAD"
                ],
                "cache_policy_id": "658327ea-f89d-4fab-a63d-7e88639e58f6",
                "cached_methods": [
                  "GET",
                  "HEAD"
                ],
                "compress": true,
                "default_ttl": 0,
                "field_level_encryption_id": "",
                "forwarded_values": [],
                "function_association": [],
                "grpc_config": [
                  {
                    "enabled": false
                  }
                ],
                "lambda_function_association": [],
                "max_ttl": 0,
                "min_ttl": 0,
                "origin_request_policy_id": "",
                "realtime_log_config_arn": "",
                "response_headers_policy_id": "",
                "smooth_streaming": false,
                "target_origin_id": "aleksandermatusik-portfolio.s3.us-east-1.amazonaws.com-mq53f7rqeyj",
                "trusted_key_groups": [],
                "trusted_signers": [],
                "viewer_protocol_policy": "redirect-to-https"
              }
            ],
            "default_root_object": "index.html",
            "domain_name": "d32c0ny2gqqqwr.cloudfront.net",
            "enabled": false,
            "etag": "E3AEGXETSR30VB",
            "hosted_zone_id": "Z2FDTNDATAQYW2",
            "http_version": "http2",
            "id": "E2QQ29ZT1XET90",
            "in_progress_validation_batches": 0,
            "is_ipv6_enabled": false,
            "last_modified_time": "2026-06-08 19:40:10.81 +0000 UTC",
            "logging_config": [],
            "ordered_cache_behavior": [],
            "origin": [
              {
                "connection_attempts": 3,
                "connection_timeout": 10,
                "custom_header": [],
                "custom_origin_config": [],
                "domain_name": "aleksandermatusik-portfolio.s3.us-east-1.amazonaws.com",
                "origin_access_control_id": "E1OPLD8E4VBIAN",
                "origin_id": "aleksandermatusik-portfolio.s3.us-east-1.amazonaws.com-mq53f7rqeyj",
                "origin_path": "",
                "origin_shield": [],
                "s3_origin_config": [],
                "vpc_origin_config": []
              }
            ],
            "origin_group": [],
            "price_class": "PriceClass_All",
            "restrictions": [
              {
                "geo_restriction": [
                  {
                    "locations": [],
                    "restriction_type": "none"
                  }
                ]
              }
            ],
            "retain_on_delete": false,
            "staging": false,
            "status": "Deployed",
            "tags": {
              "ManagedBy": "terraform"
            },
            "tags_all": {
              "ManagedBy": "terraform",
              "Project": "portfolio"
            },
            "trusted_key_groups": [
              {
                "enabled": false,
                "items": []
              }
            ],
            "trusted_signers": [
              {
                "enabled": false,
                "items": []
              }
            ],
            "viewer_certificate": [
              {
                "acm_certificate_arn": "",
                "cloudfront_default_certificate": true,
                "iam_certificate_id": "",
                "minimum_protocol_version": "TLSv1",
                "ssl_support_method": ""
              }
            ],
            "wait_for_deployment": true,
            "web_acl_id": "arn:aws:wafv2:us-east-1:064318812275:global/webacl/CreatedByCloudFront-e0161836/ce0d0970-f01b-4386-a1b5-8dbc9d3933ed"
          },
          "sensitive_attributes": [],
          "identity_schema_version": 0,
          "private": "eyJzY2hlbWFfdmVyc2lvbiI6IjEifQ=="
        }
      ]
    }
  ],
  "check_results": null
}
